hash: 7f3b32755bdb36133450459a582e32a0a992341f6aaae4f704ba405adb92c427
updated: 2018-03-18T14:34:14.633903+08:00
imports:
- name: github.com/andybalholm/cascadia
  version: 901648c87902174f774fac311d7f176f8647bdaa
- name: github.com/cheggaaa/pb
  version: 72b964305fba1230d3d818711138195f22b9ceea
- name: github.com/fatih/color
  version: 507f6050b8568533fb3f5504de8e5205fa62a114
- name: github.com/kr/pretty
  version: cfb55aafdaf3ec08f0db22699ab822c50091b1c4
- name: github.com/kr/text
  version: 7cafcd837844e784b526369c9bce262804aebc60
- name: github.com/mattn/go-runewidth
  version: 97311d9f7767e3d6f422ea06661bc2c7a19e8a5d
- name: github.com/PuerkitoBio/goquery
  version: 09540e565986583836b5fc792fe951ec5fd201dd
- name: golang.org/x/net
  version: cbe0f9307d0156177f9dd5dc85da1a31abc5f2fb
  subpackages:
  - html
  - html/atom
  - proxy
- name: golang.org/x/sys
  version: f6cff0780e542efa0c8e864dc8fa522808f6a598
  subpackages:
  - unix
testImports: []
