# This file is autogenerated, do not edit; changes may be undone by the next 'dep ensure'.


[[projects]]
  branch = "master"
  digest = "1:3cf47a1bf92255ae9803ff93ee8c7c404624b9e3e85ff39c3bf3469b88042223"
  name = "github.com/MercuryEngineering/CookieMonster"
  packages = ["."]
  pruneopts = "NUT"
  revision = "1584578b3403314f50b3b4f796c680cf98938c9e"

[[projects]]
  digest = "1:d043e5ae59276188d876090c261c311e146792c0908e08e67e766b1020a72d00"
  name = "github.com/PuerkitoBio/goquery"
  packages = ["."]
  pruneopts = "NUT"
  revision = "dc2ec5c7ca4d9aae063b79b9f581dd3ea6afd2b2"
  version = "v1.4.1"

[[projects]]
  digest = "1:fc86904a62ac4bfff8cfbe94f42231ce3d8cea8fe2506d5293eaef468f8eaecf"
  name = "github.com/andybalholm/cascadia"
  packages = ["."]
  pruneopts = "NUT"
  revision = "901648c87902174f774fac311d7f176f8647bdaa"
  version = "v1.0.0"

[[projects]]
  digest = "1:40a1cbb226e60770882b41e5b8e7f5c38426399c602fe75618de717e70dcb871"
  name = "github.com/cheggaaa/pb"
  packages = ["."]
  pruneopts = "NUT"
  revision = "2af8bbdea9e99e83b3ac400d8f6b6d1b8cbbf338"
  version = "v1.0.25"

[[projects]]
  digest = "1:ade392a843b2035effb4b4a2efa2c3bab3eb29b992e98bacf9c898b0ecb54e45"
  name = "github.com/fatih/color"
  packages = ["."]
  pruneopts = "NUT"
  revision = "5b77d2a35fb0ede96d138fc9a99f5c9b6aef11b4"
  version = "v1.7.0"

[[projects]]
  digest = "1:7b21c7fc5551b46d1308b4ffa9e9e49b66c7a8b0ba88c0130474b0e7a20d859f"
  name = "github.com/kr/pretty"
  packages = ["."]
  pruneopts = "NUT"
  revision = "73f6ac0b30a98e433b289500d779f50c1a6f0712"
  version = "v0.1.0"

[[projects]]
  digest = "1:c3a7836b5904db0f8b609595b619916a6831cb35b8b714aec39f96d00c6155d8"
  name = "github.com/kr/text"
  packages = ["."]
  pruneopts = "NUT"
  revision = "e2ffdb16a802fe2bb95e2e35ff34f0e53aeef34f"
  version = "v0.1.0"

[[projects]]
  digest = "1:08c231ec84231a7e23d67e4b58f975e1423695a32467a362ee55a803f9de8061"
  name = "github.com/mattn/go-colorable"
  packages = ["."]
  pruneopts = "NUT"
  revision = "167de6bfdfba052fa6b2d3664c8f5272e23c9072"
  version = "v0.0.9"

[[projects]]
  digest = "1:bc4f7eec3b7be8c6cb1f0af6c1e3333d5bb71072951aaaae2f05067b0803f287"
  name = "github.com/mattn/go-isatty"
  packages = ["."]
  pruneopts = "NUT"
  revision = "0360b2af4f38e8d38c7fce2a9f4e702702d73a39"
  version = "v0.0.3"

[[projects]]
  digest = "1:cb591533458f6eb6e2c1065ff3eac6b50263d7847deb23fc9f79b25bc608970e"
  name = "github.com/mattn/go-runewidth"
  packages = ["."]
  pruneopts = "NUT"
  revision = "9e777a8366cce605130a531d2cd6363d07ad7317"
  version = "v0.0.2"

[[projects]]
  branch = "master"
  digest = "1:b5031cb45f8bf616d5d667c48e876a4ce3512d4ad65d51841879e18998f426e8"
  name = "golang.org/x/net"
  packages = [
    "html",
    "html/atom",
    "internal/socks",
    "proxy",
  ]
  pruneopts = "NUT"
  revision = "afe8f62b1d6bbd81f31868121a50b06d8188e1f9"

[[projects]]
  branch = "master"
  digest = "1:f67296df75fc10b172804c5d9c06a36adeb3d0f4120b7fc5aa5a64813e79097d"
  name = "golang.org/x/sys"
  packages = ["unix"]
  pruneopts = "NUT"
  revision = "63fc586f45fe72d95d5240a5d5eb95e6503907d3"

[solve-meta]
  analyzer-name = "dep"
  analyzer-version = 1
  input-imports = [
    "github.com/MercuryEngineering/CookieMonster",
    "github.com/PuerkitoBio/goquery",
    "github.com/cheggaaa/pb",
    "github.com/fatih/color",
    "github.com/kr/pretty",
    "golang.org/x/net/proxy",
  ]
  solver-name = "gps-cdcl"
  solver-version = 1
